
Microsoft Visual Studio Solution File, Format Version 12.00
# Visual Studio 2012
Project("{FAE04EC0-301F-11D3-BF4B-00C04F79EFBC}") = "TrainNotifier.Console.WebSocketServer", "NetworkRailDownloader\TrainNotifier.Console.WebSocketServer.csproj", "{5160D315-1A64-453A-95DC-43FB80F80FED}"
EndProject
Project("{FAE04EC0-301F-11D3-BF4B-00C04F79EFBC}") = "TrainNotifier.Common.NMS", "NetworkRailDownloader.Downloader\TrainNotifier.Common.NMS.csproj", "{E49F108E-329B-4317-BD3F-882CE964753D}"
EndProject
Project("{FAE04EC0-301F-11D3-BF4B-00C04F79EFBC}") = "TrainNotifier.Common", "NetworkRailDownloader.Common\TrainNotifier.Common.csproj", "{55F15444-39A6-4B55-AA31-CED7A996DE47}"
EndProject
Project("{FAE04EC0-301F-11D3-BF4B-00C04F79EFBC}") = "TrainNotifier.Console.WebApi", "NetworkRailDownloader.WebApi\TrainNotifier.Console.WebApi.csproj", "{694EFCF9-3813-4B87-BA9D-132DB7F407BF}"
EndProject
Project("{FAE04EC0-301F-11D3-BF4B-00C04F79EFBC}") = "TrainNotifier.Service", "NetworkRailDownloader.ServiceLayer\TrainNotifier.Service.csproj", "{5AAE47C1-E8A0-456D-86CA-C92B0C68F27C}"
EndProject
Project("{2150E333-8FDC-42A3-9474-1A3956D46DE8}") = ".nuget", ".nuget", "{23ECD4A4-342F-47F0-B222-F2FDE91FFDAB}"
	ProjectSection(SolutionItems) = preProject
		.nuget\NuGet.Config = .nuget\NuGet.Config
		.nuget\NuGet.exe = .nuget\NuGet.exe
		.nuget\NuGet.targets = .nuget\NuGet.targets
	EndProjectSection
EndProject
Project("{FAE04EC0-301F-11D3-BF4B-00C04F79EFBC}") = "TrainNotifier.Console.WcfServer", "TrainNotifer.Console.Wcf\TrainNotifier.Console.WcfServer.csproj", "{198FFD3F-834A-4CBC-B08C-7338F59C11C6}"
EndProject
Project("{FAE04EC0-301F-11D3-BF4B-00C04F79EFBC}") = "TrainNotifier.WcfLibrary", "TrainNotifier.WcfLibrary\TrainNotifier.WcfLibrary.csproj", "{15B3E0D2-6217-493A-A690-158C497F5318}"
EndProject
Project("{2150E333-8FDC-42A3-9474-1A3956D46DE8}") = "Solution Items", "Solution Items", "{C14ADA59-8806-45E7-ADB8-98E6811BC91F}"
	ProjectSection(SolutionItems) = preProject
		.gitattributes = .gitattributes
		.gitignore = .gitignore
		README.md = README.md
		Database\sql_server_schema.sql = Database\sql_server_schema.sql
	EndProjectSection
EndProject
Project("{2150E333-8FDC-42A3-9474-1A3956D46DE8}") = "External", "External", "{B34932EA-A87D-441D-93B1-A2E0475008FD}"
EndProject
Project("{FAE04EC0-301F-11D3-BF4B-00C04F79EFBC}") = "vs2008-stomp", "External\Apache.NMS.Stomp\1.5.3\vs2008-stomp.csproj", "{AA51947C-1370-44DC-8692-1C8EFC5945F7}"
EndProject
Project("{FAE04EC0-301F-11D3-BF4B-00C04F79EFBC}") = "TrainNotifier.ScheduleLibrary", "TrainNotifier.ScheduleLibrary\TrainNotifier.ScheduleLibrary.csproj", "{3131B7DD-21A0-4CB2-9D60-AEB841F04976}"
EndProject
Project("{FAE04EC0-301F-11D3-BF4B-00C04F79EFBC}") = "TrainNotifier.Console.ScheduleDownloader", "TrainNotifier.Schedule.Server\TrainNotifier.Console.ScheduleDownloader.csproj", "{112F5CE4-8945-48F1-90A8-F6F1BAC74E5F}"
EndProject
Project("{FAE04EC0-301F-11D3-BF4B-00C04F79EFBC}") = "TrainNotifier.Console.Archiver", "TrainNotifier.Console.Archiver\TrainNotifier.Console.Archiver.csproj", "{D5E74111-8009-4B3B-91C2-20E9DD3922B6}"
EndProject
Project("{FAE04EC0-301F-11D3-BF4B-00C04F79EFBC}") = "UnitTests", "UnitTests\UnitTests.csproj", "{5E7540AE-9709-449F-BDC9-E03801884EB8}"
EndProject
Global
	GlobalSection(SolutionConfigurationPlatforms) = preSolution
		Azure|Any CPU = Azure|Any CPU
		Debug|Any CPU = Debug|Any CPU
		Debug-Local|Any CPU = Debug-Local|Any CPU
		Debug-Staging|Any CPU = Debug-Staging|Any CPU
		Release|Any CPU = Release|Any CPU
	EndGlobalSection
	GlobalSection(ProjectConfigurationPlatforms) = postSolution
		{5160D315-1A64-453A-95DC-43FB80F80FED}.Azure|Any CPU.ActiveCfg = Release|Any CPU
		{5160D315-1A64-453A-95DC-43FB80F80FED}.Azure|Any CPU.Build.0 = Release|Any CPU
		{5160D315-1A64-453A-95DC-43FB80F80FED}.Debug|Any CPU.ActiveCfg = Debug|Any CPU
		{5160D315-1A64-453A-95DC-43FB80F80FED}.Debug|Any CPU.Build.0 = Debug|Any CPU
		{5160D315-1A64-453A-95DC-43FB80F80FED}.Debug-Local|Any CPU.ActiveCfg = Debug-Local|Any CPU
		{5160D315-1A64-453A-95DC-43FB80F80FED}.Debug-Local|Any CPU.Build.0 = Debug-Local|Any CPU
		{5160D315-1A64-453A-95DC-43FB80F80FED}.Debug-Staging|Any CPU.ActiveCfg = Debug-Staging|Any CPU
		{5160D315-1A64-453A-95DC-43FB80F80FED}.Debug-Staging|Any CPU.Build.0 = Debug-Staging|Any CPU
		{5160D315-1A64-453A-95DC-43FB80F80FED}.Release|Any CPU.ActiveCfg = Release|Any CPU
		{5160D315-1A64-453A-95DC-43FB80F80FED}.Release|Any CPU.Build.0 = Release|Any CPU
		{E49F108E-329B-4317-BD3F-882CE964753D}.Azure|Any CPU.ActiveCfg = Release|Any CPU
		{E49F108E-329B-4317-BD3F-882CE964753D}.Azure|Any CPU.Build.0 = Release|Any CPU
		{E49F108E-329B-4317-BD3F-882CE964753D}.Debug|Any CPU.ActiveCfg = Debug|Any CPU
		{E49F108E-329B-4317-BD3F-882CE964753D}.Debug|Any CPU.Build.0 = Debug|Any CPU
		{E49F108E-329B-4317-BD3F-882CE964753D}.Debug-Local|Any CPU.ActiveCfg = Debug|Any CPU
		{E49F108E-329B-4317-BD3F-882CE964753D}.Debug-Local|Any CPU.Build.0 = Debug|Any CPU
		{E49F108E-329B-4317-BD3F-882CE964753D}.Debug-Staging|Any CPU.ActiveCfg = Debug|Any CPU
		{E49F108E-329B-4317-BD3F-882CE964753D}.Debug-Staging|Any CPU.Build.0 = Debug|Any CPU
		{E49F108E-329B-4317-BD3F-882CE964753D}.Release|Any CPU.ActiveCfg = Release|Any CPU
		{E49F108E-329B-4317-BD3F-882CE964753D}.Release|Any CPU.Build.0 = Release|Any CPU
		{55F15444-39A6-4B55-AA31-CED7A996DE47}.Azure|Any CPU.ActiveCfg = Release|Any CPU
		{55F15444-39A6-4B55-AA31-CED7A996DE47}.Azure|Any CPU.Build.0 = Release|Any CPU
		{55F15444-39A6-4B55-AA31-CED7A996DE47}.Debug|Any CPU.ActiveCfg = Debug|Any CPU
		{55F15444-39A6-4B55-AA31-CED7A996DE47}.Debug|Any CPU.Build.0 = Debug|Any CPU
		{55F15444-39A6-4B55-AA31-CED7A996DE47}.Debug-Local|Any CPU.ActiveCfg = Debug|Any CPU
		{55F15444-39A6-4B55-AA31-CED7A996DE47}.Debug-Local|Any CPU.Build.0 = Debug|Any CPU
		{55F15444-39A6-4B55-AA31-CED7A996DE47}.Debug-Staging|Any CPU.ActiveCfg = Debug|Any CPU
		{55F15444-39A6-4B55-AA31-CED7A996DE47}.Debug-Staging|Any CPU.Build.0 = Debug|Any CPU
		{55F15444-39A6-4B55-AA31-CED7A996DE47}.Release|Any CPU.ActiveCfg = Release|Any CPU
		{55F15444-39A6-4B55-AA31-CED7A996DE47}.Release|Any CPU.Build.0 = Release|Any CPU
		{694EFCF9-3813-4B87-BA9D-132DB7F407BF}.Azure|Any CPU.ActiveCfg = Release|Any CPU
		{694EFCF9-3813-4B87-BA9D-132DB7F407BF}.Azure|Any CPU.Build.0 = Release|Any CPU
		{694EFCF9-3813-4B87-BA9D-132DB7F407BF}.Debug|Any CPU.ActiveCfg = Debug|Any CPU
		{694EFCF9-3813-4B87-BA9D-132DB7F407BF}.Debug|Any CPU.Build.0 = Debug|Any CPU
		{694EFCF9-3813-4B87-BA9D-132DB7F407BF}.Debug-Local|Any CPU.ActiveCfg = Debug-Local|Any CPU
		{694EFCF9-3813-4B87-BA9D-132DB7F407BF}.Debug-Local|Any CPU.Build.0 = Debug-Local|Any CPU
		{694EFCF9-3813-4B87-BA9D-132DB7F407BF}.Debug-Staging|Any CPU.ActiveCfg = Debug-Staging|Any CPU
		{694EFCF9-3813-4B87-BA9D-132DB7F407BF}.Debug-Staging|Any CPU.Build.0 = Debug-Staging|Any CPU
		{694EFCF9-3813-4B87-BA9D-132DB7F407BF}.Release|Any CPU.ActiveCfg = Release|Any CPU
		{694EFCF9-3813-4B87-BA9D-132DB7F407BF}.Release|Any CPU.Build.0 = Release|Any CPU
		{5AAE47C1-E8A0-456D-86CA-C92B0C68F27C}.Azure|Any CPU.ActiveCfg = Release|Any CPU
		{5AAE47C1-E8A0-456D-86CA-C92B0C68F27C}.Azure|Any CPU.Build.0 = Release|Any CPU
		{5AAE47C1-E8A0-456D-86CA-C92B0C68F27C}.Debug|Any CPU.ActiveCfg = Debug|Any CPU
		{5AAE47C1-E8A0-456D-86CA-C92B0C68F27C}.Debug|Any CPU.Build.0 = Debug|Any CPU
		{5AAE47C1-E8A0-456D-86CA-C92B0C68F27C}.Debug-Local|Any CPU.ActiveCfg = Debug|Any CPU
		{5AAE47C1-E8A0-456D-86CA-C92B0C68F27C}.Debug-Local|Any CPU.Build.0 = Debug|Any CPU
		{5AAE47C1-E8A0-456D-86CA-C92B0C68F27C}.Debug-Staging|Any CPU.ActiveCfg = Debug|Any CPU
		{5AAE47C1-E8A0-456D-86CA-C92B0C68F27C}.Debug-Staging|Any CPU.Build.0 = Debug|Any CPU
		{5AAE47C1-E8A0-456D-86CA-C92B0C68F27C}.Release|Any CPU.ActiveCfg = Release|Any CPU
		{5AAE47C1-E8A0-456D-86CA-C92B0C68F27C}.Release|Any CPU.Build.0 = Release|Any CPU
		{198FFD3F-834A-4CBC-B08C-7338F59C11C6}.Azure|Any CPU.ActiveCfg = Release|Any CPU
		{198FFD3F-834A-4CBC-B08C-7338F59C11C6}.Azure|Any CPU.Build.0 = Release|Any CPU
		{198FFD3F-834A-4CBC-B08C-7338F59C11C6}.Debug|Any CPU.ActiveCfg = Debug|Any CPU
		{198FFD3F-834A-4CBC-B08C-7338F59C11C6}.Debug|Any CPU.Build.0 = Debug|Any CPU
		{198FFD3F-834A-4CBC-B08C-7338F59C11C6}.Debug-Local|Any CPU.ActiveCfg = Debug-Local|Any CPU
		{198FFD3F-834A-4CBC-B08C-7338F59C11C6}.Debug-Local|Any CPU.Build.0 = Debug-Local|Any CPU
		{198FFD3F-834A-4CBC-B08C-7338F59C11C6}.Debug-Staging|Any CPU.ActiveCfg = Debug-Staging|Any CPU
		{198FFD3F-834A-4CBC-B08C-7338F59C11C6}.Debug-Staging|Any CPU.Build.0 = Debug-Staging|Any CPU
		{198FFD3F-834A-4CBC-B08C-7338F59C11C6}.Release|Any CPU.ActiveCfg = Release|Any CPU
		{198FFD3F-834A-4CBC-B08C-7338F59C11C6}.Release|Any CPU.Build.0 = Release|Any CPU
		{15B3E0D2-6217-493A-A690-158C497F5318}.Azure|Any CPU.ActiveCfg = Release|Any CPU
		{15B3E0D2-6217-493A-A690-158C497F5318}.Azure|Any CPU.Build.0 = Release|Any CPU
		{15B3E0D2-6217-493A-A690-158C497F5318}.Debug|Any CPU.ActiveCfg = Debug|Any CPU
		{15B3E0D2-6217-493A-A690-158C497F5318}.Debug|Any CPU.Build.0 = Debug|Any CPU
		{15B3E0D2-6217-493A-A690-158C497F5318}.Debug-Local|Any CPU.ActiveCfg = Debug|Any CPU
		{15B3E0D2-6217-493A-A690-158C497F5318}.Debug-Local|Any CPU.Build.0 = Debug|Any CPU
		{15B3E0D2-6217-493A-A690-158C497F5318}.Debug-Staging|Any CPU.ActiveCfg = Debug|Any CPU
		{15B3E0D2-6217-493A-A690-158C497F5318}.Debug-Staging|Any CPU.Build.0 = Debug|Any CPU
		{15B3E0D2-6217-493A-A690-158C497F5318}.Release|Any CPU.ActiveCfg = Release|Any CPU
		{15B3E0D2-6217-493A-A690-158C497F5318}.Release|Any CPU.Build.0 = Release|Any CPU
		{AA51947C-1370-44DC-8692-1C8EFC5945F7}.Azure|Any CPU.ActiveCfg = Release|Any CPU
		{AA51947C-1370-44DC-8692-1C8EFC5945F7}.Azure|Any CPU.Build.0 = Release|Any CPU
		{AA51947C-1370-44DC-8692-1C8EFC5945F7}.Debug|Any CPU.ActiveCfg = Debug|Any CPU
		{AA51947C-1370-44DC-8692-1C8EFC5945F7}.Debug|Any CPU.Build.0 = Debug|Any CPU
		{AA51947C-1370-44DC-8692-1C8EFC5945F7}.Debug-Local|Any CPU.ActiveCfg = Debug|Any CPU
		{AA51947C-1370-44DC-8692-1C8EFC5945F7}.Debug-Local|Any CPU.Build.0 = Debug|Any CPU
		{AA51947C-1370-44DC-8692-1C8EFC5945F7}.Debug-Staging|Any CPU.ActiveCfg = Debug|Any CPU
		{AA51947C-1370-44DC-8692-1C8EFC5945F7}.Debug-Staging|Any CPU.Build.0 = Debug|Any CPU
		{AA51947C-1370-44DC-8692-1C8EFC5945F7}.Release|Any CPU.ActiveCfg = Release|Any CPU
		{AA51947C-1370-44DC-8692-1C8EFC5945F7}.Release|Any CPU.Build.0 = Release|Any CPU
		{3131B7DD-21A0-4CB2-9D60-AEB841F04976}.Azure|Any CPU.ActiveCfg = Release|Any CPU
		{3131B7DD-21A0-4CB2-9D60-AEB841F04976}.Azure|Any CPU.Build.0 = Release|Any CPU
		{3131B7DD-21A0-4CB2-9D60-AEB841F04976}.Debug|Any CPU.ActiveCfg = Debug|Any CPU
		{3131B7DD-21A0-4CB2-9D60-AEB841F04976}.Debug|Any CPU.Build.0 = Debug|Any CPU
		{3131B7DD-21A0-4CB2-9D60-AEB841F04976}.Debug-Local|Any CPU.ActiveCfg = Debug|Any CPU
		{3131B7DD-21A0-4CB2-9D60-AEB841F04976}.Debug-Local|Any CPU.Build.0 = Debug|Any CPU
		{3131B7DD-21A0-4CB2-9D60-AEB841F04976}.Debug-Staging|Any CPU.ActiveCfg = Debug|Any CPU
		{3131B7DD-21A0-4CB2-9D60-AEB841F04976}.Debug-Staging|Any CPU.Build.0 = Debug|Any CPU
		{3131B7DD-21A0-4CB2-9D60-AEB841F04976}.Release|Any CPU.ActiveCfg = Release|Any CPU
		{3131B7DD-21A0-4CB2-9D60-AEB841F04976}.Release|Any CPU.Build.0 = Release|Any CPU
		{112F5CE4-8945-48F1-90A8-F6F1BAC74E5F}.Azure|Any CPU.ActiveCfg = Release|Any CPU
		{112F5CE4-8945-48F1-90A8-F6F1BAC74E5F}.Azure|Any CPU.Build.0 = Release|Any CPU
		{112F5CE4-8945-48F1-90A8-F6F1BAC74E5F}.Debug|Any CPU.ActiveCfg = Debug|Any CPU
		{112F5CE4-8945-48F1-90A8-F6F1BAC74E5F}.Debug|Any CPU.Build.0 = Debug|Any CPU
		{112F5CE4-8945-48F1-90A8-F6F1BAC74E5F}.Debug-Local|Any CPU.ActiveCfg = Debug-Local|Any CPU
		{112F5CE4-8945-48F1-90A8-F6F1BAC74E5F}.Debug-Local|Any CPU.Build.0 = Debug-Local|Any CPU
		{112F5CE4-8945-48F1-90A8-F6F1BAC74E5F}.Debug-Staging|Any CPU.ActiveCfg = Debug-Staging|Any CPU
		{112F5CE4-8945-48F1-90A8-F6F1BAC74E5F}.Debug-Staging|Any CPU.Build.0 = Debug-Staging|Any CPU
		{112F5CE4-8945-48F1-90A8-F6F1BAC74E5F}.Release|Any CPU.ActiveCfg = Release|Any CPU
		{112F5CE4-8945-48F1-90A8-F6F1BAC74E5F}.Release|Any CPU.Build.0 = Release|Any CPU
		{D5E74111-8009-4B3B-91C2-20E9DD3922B6}.Azure|Any CPU.ActiveCfg = Release|Any CPU
		{D5E74111-8009-4B3B-91C2-20E9DD3922B6}.Azure|Any CPU.Build.0 = Release|Any CPU
		{D5E74111-8009-4B3B-91C2-20E9DD3922B6}.Debug|Any CPU.ActiveCfg = Debug|Any CPU
		{D5E74111-8009-4B3B-91C2-20E9DD3922B6}.Debug|Any CPU.Build.0 = Debug|Any CPU
		{D5E74111-8009-4B3B-91C2-20E9DD3922B6}.Debug-Local|Any CPU.ActiveCfg = Debug-Local|Any CPU
		{D5E74111-8009-4B3B-91C2-20E9DD3922B6}.Debug-Local|Any CPU.Build.0 = Debug-Local|Any CPU
		{D5E74111-8009-4B3B-91C2-20E9DD3922B6}.Debug-Staging|Any CPU.ActiveCfg = Debug-Staging|Any CPU
		{D5E74111-8009-4B3B-91C2-20E9DD3922B6}.Debug-Staging|Any CPU.Build.0 = Debug-Staging|Any CPU
		{D5E74111-8009-4B3B-91C2-20E9DD3922B6}.Release|Any CPU.ActiveCfg = Release|Any CPU
		{D5E74111-8009-4B3B-91C2-20E9DD3922B6}.Release|Any CPU.Build.0 = Release|Any CPU
		{5E7540AE-9709-449F-BDC9-E03801884EB8}.Azure|Any CPU.ActiveCfg = Release|Any CPU
		{5E7540AE-9709-449F-BDC9-E03801884EB8}.Azure|Any CPU.Build.0 = Release|Any CPU
		{5E7540AE-9709-449F-BDC9-E03801884EB8}.Debug|Any CPU.ActiveCfg = Debug|Any CPU
		{5E7540AE-9709-449F-BDC9-E03801884EB8}.Debug|Any CPU.Build.0 = Debug|Any CPU
		{5E7540AE-9709-449F-BDC9-E03801884EB8}.Debug-Local|Any CPU.ActiveCfg = Debug|Any CPU
		{5E7540AE-9709-449F-BDC9-E03801884EB8}.Debug-Local|Any CPU.Build.0 = Debug|Any CPU
		{5E7540AE-9709-449F-BDC9-E03801884EB8}.Debug-Staging|Any CPU.ActiveCfg = Debug|Any CPU
		{5E7540AE-9709-449F-BDC9-E03801884EB8}.Debug-Staging|Any CPU.Build.0 = Debug|Any CPU
		{5E7540AE-9709-449F-BDC9-E03801884EB8}.Release|Any CPU.ActiveCfg = Release|Any CPU
		{5E7540AE-9709-449F-BDC9-E03801884EB8}.Release|Any CPU.Build.0 = Release|Any CPU
	EndGlobalSection
	GlobalSection(SolutionProperties) = preSolution
		HideSolutionNode = FALSE
	EndGlobalSection
	GlobalSection(NestedProjects) = preSolution
		{AA51947C-1370-44DC-8692-1C8EFC5945F7} = {B34932EA-A87D-441D-93B1-A2E0475008FD}
	EndGlobalSection
EndGlobal
